{
  "name": "locio-example",
  "lockfileVersion": 2,
  "requires": true,
  "packages": {
    "": {
      "name": "locio-example",
      "license": "MIT",
      "devDependencies": {
        "locio": "file:.."
      }
    },
    "..": {
      "version": "0.1",
      "dev": true,
      "license": "MIT",
      "dependencies": {
        "fs-extra": "^10.0.0",
        "micromatch": "^4.0.4",
        "murmurhash3js": "^3.0.1",
        "yargs": "^16.2.0"
      },
      "bin": {
        "locio": "lib/locio.js"
      },
      "devDependencies": {
        "@release-it/conventional-changelog": "^3.3.0",
        "@types/fs-extra": "^9.0.13",
        "@types/micromatch": "^4.0.2",
        "@types/murmurhash3js": "^3.0.2",
        "@typescript-eslint/eslint-plugin": "^4.32.0",
        "@typescript-eslint/parser": "^4.32.0",
        "dotenv-cli": "^4.0.0",
        "eslint": "^7.32.0",
        "eslint-config-prettier": "^8.3.0",
        "husky": "^7.0.2",
        "jest": "^27.2.4",
        "lint-staged": "^11.1.2",
        "npm-watch": "^0.11.0",
        "prettier": "2.4.1",
        "release-it": "^14.11.6",
        "ts-node": "^10.2.1",
        "typescript": "^4.4.3"
      },
      "engines": {
        "node": ">=13"
      }
    },
    "node_modules/locio": {
      "resolved": "..",
      "link": true
    }
  },
  "dependencies": {
    "locio": {
      "version": "file:..",
      "requires": {
        "@release-it/conventional-changelog": "^3.3.0",
        "@types/fs-extra": "^9.0.13",
        "@types/micromatch": "^4.0.2",
        "@types/murmurhash3js": "^3.0.2",
        "@typescript-eslint/eslint-plugin": "^4.32.0",
        "@typescript-eslint/parser": "^4.32.0",
        "dotenv-cli": "^4.0.0",
        "eslint": "^7.32.0",
        "eslint-config-prettier": "^8.3.0",
        "fs-extra": "^10.0.0",
        "husky": "^7.0.2",
        "jest": "^27.2.4",
        "lint-staged": "^11.1.2",
        "micromatch": "^4.0.4",
        "murmurhash3js": "^3.0.1",
        "npm-watch": "^0.11.0",
        "prettier": "2.4.1",
        "release-it": "^14.11.6",
        "ts-node": "^10.2.1",
        "typescript": "^4.4.3",
        "yargs": "^16.2.0"
      }
    }
  }
}
